{
    "_readme": [
        "This file locks the dependencies of your project to a known state",
        "Read more about it at https://getcomposer.org/doc/01-basic-usage.md#installing-dependencies",
        "This file is @generated automatically"
    ],
    "content-hash": "063fedf31ac674888e9b54b29884de9d",
    "packages": [
        {
            "name": "psr/event-dispatcher",
            "version": "dev-master",
            "source": {
                "type": "git",
                "url": "https://github.com/php-fig/event-dispatcher.git",
                "reference": "aa4f89e91c423b516ff226c50dc83f824011c253"
            },
            "dist": {
                "type": "zip",
                "url": "https://api.github.com/repos/php-fig/event-dispatcher/zipball/aa4f89e91c423b516ff226c50dc83f824011c253",
                "reference": "aa4f89e91c423b516ff226c50dc83f824011c253",
                "shasum": ""
            },
            "require": {
                "php": ">=7.2.0"
            },
            "suggest": {
                "fig/event-dispatcher-util": "Provides some useful PSR-14 utilities"
            },
            "type": "library",
            "extra": {
                "branch-alias": {
                    "dev-master": "1.0.x-dev"
                }
            },
            "autoload": {
                "psr-4": {
                    "Psr\\EventDispatcher\\": "src/"
                }
            },
            "notification-url": "https://packagist.org/downloads/",
            "license": [
                "MIT"
            ],
            "authors": [
                {
                    "name": "PHP-FIG",
                    "homepage": "https://www.php-fig.org/"
                }
            ],
            "description": "Standard interfaces for event handling.",
            "keywords": [
                "events",
                "psr",
                "psr-14"
            ],
            "time": "2021-02-08T21:15:39+00:00"
        }
    ],
    "packages-dev": [],
    "aliases": [],
    "minimum-stability": "dev",
    "stability-flags": [],
    "prefer-stable": false,
    "prefer-lowest": false,
    "platform": {
        "php": "^7.4"
    },
    "platform-dev": []
}
